PODS:
  - Flutter (1.0.0)
  - jitsi_meet (0.0.1):
    - Flutter
    - JitsiMeetSDK (= 2.8.0)
  - JitsiMeetSDK (2.8.0)

DEPENDENCIES:
  - Flutter (from `Flutter`)
  - jitsi_meet (from `.symlinks/plugins/jitsi_meet/ios`)

SPEC REPOS:
  trunk:
    - JitsiMeetSDK

EXTERNAL SOURCES:
  Flutter:
    :path: Flutter
  jitsi_meet:
    :path: ".symlinks/plugins/jitsi_meet/ios"

SPEC CHECKSUMS:
  Flutter: 0e3d915762c693b495b44d77113d4970485de6ec
  jitsi_meet: f275ff63ed06b261377b60270a06223b006d51b1
  JitsiMeetSDK: 080d1c247754d278c924bc584f0a2a8e32c4af62

PODFILE CHECKSUM: 48d28befa5177672e57087e82e48caa1df133253

COCOAPODS: 1.8.4
