PODS:
  - Flutter (1.0.0)
  - jitsi_meet (0.0.1):
    - Flutter
    - JitsiMeetSDK (= 2.8.1)
  - JitsiMeetSDK (2.8.1)

DEPENDENCIES:
  - Flutter (from `Flutter`)
  - jitsi_meet (from `.symlinks/plugins/jitsi_meet/ios`)

SPEC REPOS:
  trunk:
    - JitsiMeetSDK

EXTERNAL SOURCES:
  Flutter:
    :path: Flutter
  jitsi_meet:
    :path: ".symlinks/plugins/jitsi_meet/ios"

SPEC CHECKSUMS:
  Flutter: 0e3d915762c693b495b44d77113d4970485de6ec
  jitsi_meet: 7670f18ad2814502f814fc6c79efab5e97588027
  JitsiMeetSDK: 2984eac1343690bf1c0c72bde75b48b0148d0f79

PODFILE CHECKSUM: 48d28befa5177672e57087e82e48caa1df133253

COCOAPODS: 1.8.4
